
Microsoft Visual Studio Solution File, Format Version 12.00
# Visual Studio Version 17
VisualStudioVersion = 17.0.31903.59
MinimumVisualStudioVersion = 10.0.40219.1
Project("{2150E333-8FDC-42A3-9474-1A3956D46DE8}") = "src", "src", "{0DBF1F0E-070D-46F0-8F08-E1AB86EBA133}"
EndProject
Project("{FAE04EC0-301F-11D3-BF4B-00C04F79EFBC}") = "NetThrottler.Core", "src\NetThrottler.Core\NetThrottler.Core.csproj", "{40188D5C-EB83-4806-A586-045069109F17}"
EndProject
Project("{2150E333-8FDC-42A3-9474-1A3956D46DE8}") = "tests", "tests", "{2F8BB2D5-7631-48E2-AC18-71F6EFCDB9B0}"
EndProject
Project("{FAE04EC0-301F-11D3-BF4B-00C04F79EFBC}") = "NetThrottler.Core.Tests", "tests\NetThrottler.Core.Tests\NetThrottler.Core.Tests.csproj", "{4CCD98D1-4B68-419A-8635-A1CF28ECCBE4}"
EndProject
Project("{2150E333-8FDC-42A3-9474-1A3956D46DE8}") = "samples", "samples", "{D34E74F7-D20C-47F5-9942-8085BA6BEF85}"
EndProject
Project("{FAE04EC0-301F-11D3-BF4B-00C04F79EFBC}") = "WebApi", "samples\WebApi\WebApi.csproj", "{0C465E72-5F50-4A5C-92F5-5EED1FD4D2FE}"
EndProject
Project("{FAE04EC0-301F-11D3-BF4B-00C04F79EFBC}") = "Console", "samples\Console\Console.csproj", "{E7649B4C-321E-42E1-BFC3-97BA2BEC0B79}"
EndProject
Project("{FAE04EC0-301F-11D3-BF4B-00C04F79EFBC}") = "NetThrottler.AspNetCore", "src\NetThrottler.AspNetCore\NetThrottler.AspNetCore.csproj", "{36E226D8-F43F-4B13-9371-55A84D194E3A}"
EndProject
Project("{FAE04EC0-301F-11D3-BF4B-00C04F79EFBC}") = "NetThrottler.Redis", "src\NetThrottler.Redis\NetThrottler.Redis.csproj", "{9AEED932-6AF0-452B-9E1E-F896883BB620}"
EndProject
Project("{FAE04EC0-301F-11D3-BF4B-00C04F79EFBC}") = "NetThrottler.Redis.Tests", "tests\NetThrottler.Redis.Tests\NetThrottler.Redis.Tests.csproj", "{3060759F-C215-41A3-B9CE-23B45416412E}"
EndProject
Project("{FAE04EC0-301F-11D3-BF4B-00C04F79EFBC}") = "RedisExample", "samples\RedisExample\RedisExample.csproj", "{9D5E3F2D-6A50-48B6-9E84-1747604B57C9}"
EndProject
Project("{FAE04EC0-301F-11D3-BF4B-00C04F79EFBC}") = "NetThrottler.HttpClient", "src\NetThrottler.HttpClient\NetThrottler.HttpClient.csproj", "{7745C7FC-DB21-451A-87B5-13D099D39BA6}"
EndProject
Project("{FAE04EC0-301F-11D3-BF4B-00C04F79EFBC}") = "NetThrottler.Polly", "src\NetThrottler.Polly\NetThrottler.Polly.csproj", "{81E00C56-F86A-4306-B438-CB33CCA4230C}"
EndProject
Project("{FAE04EC0-301F-11D3-BF4B-00C04F79EFBC}") = "NetThrottler.Monitoring", "src\NetThrottler.Monitoring\NetThrottler.Monitoring.csproj", "{57DF6936-0A1E-4EE3-BA6E-5B4DC4D35511}"
EndProject
Project("{FAE04EC0-301F-11D3-BF4B-00C04F79EFBC}") = "NetThrottler.Performance.Tests", "tests\NetThrottler.Performance.Tests\NetThrottler.Performance.Tests.csproj", "{96FCA6A0-1AA6-4429-98C2-6C020F4A6455}"
EndProject
Global
	GlobalSection(SolutionConfigurationPlatforms) = preSolution
		Debug|Any CPU = Debug|Any CPU
		Release|Any CPU = Release|Any CPU
	EndGlobalSection
	GlobalSection(SolutionProperties) = preSolution
		HideSolutionNode = FALSE
	EndGlobalSection
	GlobalSection(ProjectConfigurationPlatforms) = postSolution
		{40188D5C-EB83-4806-A586-045069109F17}.Debug|Any CPU.ActiveCfg = Debug|Any CPU
		{40188D5C-EB83-4806-A586-045069109F17}.Debug|Any CPU.Build.0 = Debug|Any CPU
		{40188D5C-EB83-4806-A586-045069109F17}.Release|Any CPU.ActiveCfg = Release|Any CPU
		{40188D5C-EB83-4806-A586-045069109F17}.Release|Any CPU.Build.0 = Release|Any CPU
		{4CCD98D1-4B68-419A-8635-A1CF28ECCBE4}.Debug|Any CPU.ActiveCfg = Debug|Any CPU
		{4CCD98D1-4B68-419A-8635-A1CF28ECCBE4}.Debug|Any CPU.Build.0 = Debug|Any CPU
		{4CCD98D1-4B68-419A-8635-A1CF28ECCBE4}.Release|Any CPU.ActiveCfg = Release|Any CPU
		{4CCD98D1-4B68-419A-8635-A1CF28ECCBE4}.Release|Any CPU.Build.0 = Release|Any CPU
		{0C465E72-5F50-4A5C-92F5-5EED1FD4D2FE}.Debug|Any CPU.ActiveCfg = Debug|Any CPU
		{0C465E72-5F50-4A5C-92F5-5EED1FD4D2FE}.Debug|Any CPU.Build.0 = Debug|Any CPU
		{0C465E72-5F50-4A5C-92F5-5EED1FD4D2FE}.Release|Any CPU.ActiveCfg = Release|Any CPU
		{0C465E72-5F50-4A5C-92F5-5EED1FD4D2FE}.Release|Any CPU.Build.0 = Release|Any CPU
		{E7649B4C-321E-42E1-BFC3-97BA2BEC0B79}.Debug|Any CPU.ActiveCfg = Debug|Any CPU
		{E7649B4C-321E-42E1-BFC3-97BA2BEC0B79}.Debug|Any CPU.Build.0 = Debug|Any CPU
		{E7649B4C-321E-42E1-BFC3-97BA2BEC0B79}.Release|Any CPU.ActiveCfg = Release|Any CPU
		{E7649B4C-321E-42E1-BFC3-97BA2BEC0B79}.Release|Any CPU.Build.0 = Release|Any CPU
		{36E226D8-F43F-4B13-9371-55A84D194E3A}.Debug|Any CPU.ActiveCfg = Debug|Any CPU
		{36E226D8-F43F-4B13-9371-55A84D194E3A}.Debug|Any CPU.Build.0 = Debug|Any CPU
		{36E226D8-F43F-4B13-9371-55A84D194E3A}.Release|Any CPU.ActiveCfg = Release|Any CPU
		{36E226D8-F43F-4B13-9371-55A84D194E3A}.Release|Any CPU.Build.0 = Release|Any CPU
		{9AEED932-6AF0-452B-9E1E-F896883BB620}.Debug|Any CPU.ActiveCfg = Debug|Any CPU
		{9AEED932-6AF0-452B-9E1E-F896883BB620}.Debug|Any CPU.Build.0 = Debug|Any CPU
		{9AEED932-6AF0-452B-9E1E-F896883BB620}.Release|Any CPU.ActiveCfg = Release|Any CPU
		{9AEED932-6AF0-452B-9E1E-F896883BB620}.Release|Any CPU.Build.0 = Release|Any CPU
		{3060759F-C215-41A3-B9CE-23B45416412E}.Debug|Any CPU.ActiveCfg = Debug|Any CPU
		{3060759F-C215-41A3-B9CE-23B45416412E}.Debug|Any CPU.Build.0 = Debug|Any CPU
		{3060759F-C215-41A3-B9CE-23B45416412E}.Release|Any CPU.ActiveCfg = Release|Any CPU
		{3060759F-C215-41A3-B9CE-23B45416412E}.Release|Any CPU.Build.0 = Release|Any CPU
		{9D5E3F2D-6A50-48B6-9E84-1747604B57C9}.Debug|Any CPU.ActiveCfg = Debug|Any CPU
		{9D5E3F2D-6A50-48B6-9E84-1747604B57C9}.Debug|Any CPU.Build.0 = Debug|Any CPU
		{9D5E3F2D-6A50-48B6-9E84-1747604B57C9}.Release|Any CPU.ActiveCfg = Release|Any CPU
		{9D5E3F2D-6A50-48B6-9E84-1747604B57C9}.Release|Any CPU.Build.0 = Release|Any CPU
		{7745C7FC-DB21-451A-87B5-13D099D39BA6}.Debug|Any CPU.ActiveCfg = Debug|Any CPU
		{7745C7FC-DB21-451A-87B5-13D099D39BA6}.Debug|Any CPU.Build.0 = Debug|Any CPU
		{7745C7FC-DB21-451A-87B5-13D099D39BA6}.Release|Any CPU.ActiveCfg = Release|Any CPU
		{7745C7FC-DB21-451A-87B5-13D099D39BA6}.Release|Any CPU.Build.0 = Release|Any CPU
		{81E00C56-F86A-4306-B438-CB33CCA4230C}.Debug|Any CPU.ActiveCfg = Debug|Any CPU
		{81E00C56-F86A-4306-B438-CB33CCA4230C}.Debug|Any CPU.Build.0 = Debug|Any CPU
		{81E00C56-F86A-4306-B438-CB33CCA4230C}.Release|Any CPU.ActiveCfg = Release|Any CPU
		{81E00C56-F86A-4306-B438-CB33CCA4230C}.Release|Any CPU.Build.0 = Release|Any CPU
		{57DF6936-0A1E-4EE3-BA6E-5B4DC4D35511}.Debug|Any CPU.ActiveCfg = Debug|Any CPU
		{57DF6936-0A1E-4EE3-BA6E-5B4DC4D35511}.Debug|Any CPU.Build.0 = Debug|Any CPU
		{57DF6936-0A1E-4EE3-BA6E-5B4DC4D35511}.Release|Any CPU.ActiveCfg = Release|Any CPU
		{57DF6936-0A1E-4EE3-BA6E-5B4DC4D35511}.Release|Any CPU.Build.0 = Release|Any CPU
		{96FCA6A0-1AA6-4429-98C2-6C020F4A6455}.Debug|Any CPU.ActiveCfg = Debug|Any CPU
		{96FCA6A0-1AA6-4429-98C2-6C020F4A6455}.Debug|Any CPU.Build.0 = Debug|Any CPU
		{96FCA6A0-1AA6-4429-98C2-6C020F4A6455}.Release|Any CPU.ActiveCfg = Release|Any CPU
		{96FCA6A0-1AA6-4429-98C2-6C020F4A6455}.Release|Any CPU.Build.0 = Release|Any CPU
	EndGlobalSection
	GlobalSection(NestedProjects) = preSolution
		{40188D5C-EB83-4806-A586-045069109F17} = {0DBF1F0E-070D-46F0-8F08-E1AB86EBA133}
		{4CCD98D1-4B68-419A-8635-A1CF28ECCBE4} = {2F8BB2D5-7631-48E2-AC18-71F6EFCDB9B0}
		{0C465E72-5F50-4A5C-92F5-5EED1FD4D2FE} = {D34E74F7-D20C-47F5-9942-8085BA6BEF85}
		{E7649B4C-321E-42E1-BFC3-97BA2BEC0B79} = {D34E74F7-D20C-47F5-9942-8085BA6BEF85}
		{36E226D8-F43F-4B13-9371-55A84D194E3A} = {0DBF1F0E-070D-46F0-8F08-E1AB86EBA133}
		{9AEED932-6AF0-452B-9E1E-F896883BB620} = {0DBF1F0E-070D-46F0-8F08-E1AB86EBA133}
		{3060759F-C215-41A3-B9CE-23B45416412E} = {2F8BB2D5-7631-48E2-AC18-71F6EFCDB9B0}
		{9D5E3F2D-6A50-48B6-9E84-1747604B57C9} = {D34E74F7-D20C-47F5-9942-8085BA6BEF85}
		{7745C7FC-DB21-451A-87B5-13D099D39BA6} = {0DBF1F0E-070D-46F0-8F08-E1AB86EBA133}
		{81E00C56-F86A-4306-B438-CB33CCA4230C} = {0DBF1F0E-070D-46F0-8F08-E1AB86EBA133}
		{57DF6936-0A1E-4EE3-BA6E-5B4DC4D35511} = {0DBF1F0E-070D-46F0-8F08-E1AB86EBA133}
		{96FCA6A0-1AA6-4429-98C2-6C020F4A6455} = {2F8BB2D5-7631-48E2-AC18-71F6EFCDB9B0}
	EndGlobalSection
EndGlobal
